
Microsoft Visual Studio Solution File, Format Version 12.00
# Visual Studio Version 17
VisualStudioVersion = 17.3.32901.215
MinimumVisualStudioVersion = 10.0.40219.1
Project("{FAE04EC0-301F-11D3-BF4B-00C04F79EFBC}") = "Dota2_Shop", "Dota2_Shop\Dota2_Shop.csproj", "{F4D7258B-E78D-4F29-9668-F31DB36FEC49}"
EndProject
Global
	GlobalSection(SolutionConfigurationPlatforms) = preSolution
		Debug|Any CPU = Debug|Any CPU
		Release|Any CPU = Release|Any CPU
	EndGlobalSection
	GlobalSection(ProjectConfigurationPlatforms) = postSolution
		{F4D7258B-E78D-4F29-9668-F31DB36FEC49}.Debug|Any CPU.ActiveCfg = Debug|Any CPU
		{F4D7258B-E78D-4F29-9668-F31DB36FEC49}.Debug|Any CPU.Build.0 = Debug|Any CPU
		{F4D7258B-E78D-4F29-9668-F31DB36FEC49}.Release|Any CPU.ActiveCfg = Release|Any CPU
		{F4D7258B-E78D-4F29-9668-F31DB36FEC49}.Release|Any CPU.Build.0 = Release|Any CPU
	EndGlobalSection
	GlobalSection(SolutionProperties) = preSolution
		HideSolutionNode = FALSE
	EndGlobalSection
	GlobalSection(ExtensibilityGlobals) = postSolution
		SolutionGuid = {C0E39067-0D40-49A8-8988-934D3760EAEA}
	EndGlobalSection
EndGlobal
